
Microsoft Visual Studio Solution File, Format Version 12.00
# Visual Studio 15
VisualStudioVersion = 15.0.28010.2019
MinimumVisualStudioVersion = 10.0.40219.1
Project("{FAE04EC0-301F-11D3-BF4B-00C04F79EFBC}") = "AssemblerAPI", "AssemblerAPI\AssemblerAPI.csproj", "{40E88450-1A05-442F-BAB0-F7ECD6801274}"
EndProject
Global
	GlobalSection(SolutionConfigurationPlatforms) = preSolution
		Debug|Any CPU = Debug|Any CPU
		Release|Any CPU = Release|Any CPU
	EndGlobalSection
	GlobalSection(ProjectConfigurationPlatforms) = postSolution
		{40E88450-1A05-442F-BAB0-F7ECD6801274}.Debug|Any CPU.ActiveCfg = Debug|Any CPU
		{40E88450-1A05-442F-BAB0-F7ECD6801274}.Debug|Any CPU.Build.0 = Debug|Any CPU
		{40E88450-1A05-442F-BAB0-F7ECD6801274}.Release|Any CPU.ActiveCfg = Release|Any CPU
		{40E88450-1A05-442F-BAB0-F7ECD6801274}.Release|Any CPU.Build.0 = Release|Any CPU
	EndGlobalSection
	GlobalSection(SolutionProperties) = preSolution
		HideSolutionNode = FALSE
	EndGlobalSection
	GlobalSection(ExtensibilityGlobals) = postSolution
		SolutionGuid = {29296775-2D0E-4E63-8B3C-0FC4CD01840A}
	EndGlobalSection
EndGlobal
